
Microsoft Visual Studio Solution File, Format Version 12.00
# Visual Studio 15
VisualStudioVersion = 15.0.28307.572
MinimumVisualStudioVersion = 10.0.40219.1
Project("{FAE04EC0-301F-11D3-BF4B-00C04F79EFBC}") = "Client", "UdpChat\Client.csproj", "{72704F47-83F2-4A3C-8494-FDB65389B9F0}"
EndProject
Project("{FAE04EC0-301F-11D3-BF4B-00C04F79EFBC}") = "Server", "Server\Server.csproj", "{D5898FC4-7817-4CFC-B33D-C9A766118698}"
EndProject
Global
	GlobalSection(SolutionConfigurationPlatforms) = preSolution
		Debug|Any CPU = Debug|Any CPU
		Release|Any CPU = Release|Any CPU
	EndGlobalSection
	GlobalSection(ProjectConfigurationPlatforms) = postSolution
		{72704F47-83F2-4A3C-8494-FDB65389B9F0}.Debug|Any CPU.ActiveCfg = Debug|Any CPU
		{72704F47-83F2-4A3C-8494-FDB65389B9F0}.Debug|Any CPU.Build.0 = Debug|Any CPU
		{72704F47-83F2-4A3C-8494-FDB65389B9F0}.Release|Any CPU.ActiveCfg = Release|Any CPU
		{72704F47-83F2-4A3C-8494-FDB65389B9F0}.Release|Any CPU.Build.0 = Release|Any CPU
		{D5898FC4-7817-4CFC-B33D-C9A766118698}.Debug|Any CPU.ActiveCfg = Debug|Any CPU
		{D5898FC4-7817-4CFC-B33D-C9A766118698}.Debug|Any CPU.Build.0 = Debug|Any CPU
		{D5898FC4-7817-4CFC-B33D-C9A766118698}.Release|Any CPU.ActiveCfg = Release|Any CPU
		{D5898FC4-7817-4CFC-B33D-C9A766118698}.Release|Any CPU.Build.0 = Release|Any CPU
	EndGlobalSection
	GlobalSection(SolutionProperties) = preSolution
		HideSolutionNode = FALSE
	EndGlobalSection
	GlobalSection(ExtensibilityGlobals) = postSolution
		SolutionGuid = {B4C3193B-EEB9-4DA6-86C7-F0E797AA856B}
	EndGlobalSection
EndGlobal
